
Microsoft Visual Studio Solution File, Format Version 12.00
# Visual Studio Version 17
VisualStudioVersion = 17.0.32112.339
MinimumVisualStudioVersion = 10.0.40219.1
Project("{FAE04EC0-301F-11D3-BF4B-00C04F79EFBC}") = "AspMovieApp", "AspMovieApp.csproj", "{9D5A192B-E465-41F4-8A89-8CC79AD572E9}"
EndProject
Global
	GlobalSection(SolutionConfigurationPlatforms) = preSolution
		Debug|Any CPU = Debug|Any CPU
		Release|Any CPU = Release|Any CPU
	EndGlobalSection
	GlobalSection(ProjectConfigurationPlatforms) = postSolution
		{9D5A192B-E465-41F4-8A89-8CC79AD572E9}.Debug|Any CPU.ActiveCfg = Debug|Any CPU
		{9D5A192B-E465-41F4-8A89-8CC79AD572E9}.Debug|Any CPU.Build.0 = Debug|Any CPU
		{9D5A192B-E465-41F4-8A89-8CC79AD572E9}.Release|Any CPU.ActiveCfg = Release|Any CPU
		{9D5A192B-E465-41F4-8A89-8CC79AD572E9}.Release|Any CPU.Build.0 = Release|Any CPU
	EndGlobalSection
	GlobalSection(SolutionProperties) = preSolution
		HideSolutionNode = FALSE
	EndGlobalSection
	GlobalSection(ExtensibilityGlobals) = postSolution
		SolutionGuid = {FF1DE4A6-1EBD-44A1-8C25-93697554BEDA}
	EndGlobalSection
EndGlobal
